// !$*UTF8*$!
{
	archiveVersion = 1;
	classes = {
	};
	objectVersion = 50;
	objects = {

/* Begin PBXBuildFile section */
		6BE8A0452483D28300BF775F /* AppDelegate.swift in Sources */ = {isa = PBXBuildFile; fileRef = 6BE8A0442483D28300BF775F /* AppDelegate.swift */; };
		6BE8A0472483D28300BF775F /* SceneDelegate.swift in Sources */ = {isa = PBXBuildFile; fileRef = 6BE8A0462483D28300BF775F /* SceneDelegate.swift */; };
		6BE8A0492483D28300BF775F /* ViewController.swift in Sources */ = {isa = PBXBuildFile; fileRef = 6BE8A0482483D28300BF775F /* ViewController.swift */; };
		6BE8A04C2483D28300BF775F /* Main.storyboard in Resources */ = {isa = PBXBuildFile; fileRef = 6BE8A04A2483D28300BF775F /* Main.storyboard */; };
		6BE8A04E2483D28400BF775F /* Assets.xcassets in Resources */ = {isa = PBXBuildFile; fileRef = 6BE8A04D2483D28400BF775F /* Assets.xcassets */; };
		6BE8A05A2483D4C200BF775F /* MyCollectionViewCell.swift in Sources */ = {isa = PBXBuildFile; fileRef = 6BE8A0582483D4C200BF775F /* MyCollectionViewCell.swift */; };
		6BE8A05B2483D4C200BF775F /* MyCollectionViewCell.xib in Resources */ = {isa = PBXBuildFile; fileRef = 6BE8A0592483D4C200BF775F /* MyCollectionViewCell.xib */; };
		6BE8A05D2483F0EF00BF775F /* Constants.swift in Sources */ = {isa = PBXBuildFile; fileRef = 6BE8A05C2483F0EF00BF775F /* Constants.swift */; };
		6BE8A05F2484050E00BF775F /* LaunchScreen.storyboard in Resources */ = {isa = PBXBuildFile; fileRef = 6BE8A05E2484050E00BF775F /* LaunchScreen.storyboard */; };
		6BE8A0652484088D00BF775F /* CountryManager.swift in Sources */ = {isa = PBXBuildFile; fileRef = 6BE8A0642484088D00BF775F /* CountryManager.swift */; };
		6BE8A0672484089500BF775F /* CountryData.swift in Sources */ = {isa = PBXBuildFile; fileRef = 6BE8A0662484089500BF775F /* CountryData.swift */; };
/* End PBXBuildFile section */

/* Begin PBXFileReference section */
		6BE8A0412483D28300BF775F /* Countries2.app */ = {isa = PBXFileReference; explicitFileType = wrapper.application; includeInIndex = 0; path = Countries2.app; sourceTree = BUILT_PRODUCTS_DIR; };
		6BE8A0442483D28300BF775F /* AppDelegate.swift */ = {isa = PBXFileReference; lastKnownFileType = sourcecode.swift; path = AppDelegate.swift; sourceTree = "<group>"; };
		6BE8A0462483D28300BF775F /* SceneDelegate.swift */ = {isa = PBXFileReference; lastKnownFileType = sourcecode.swift; path = SceneDelegate.swift; sourceTree = "<group>"; };
		6BE8A0482483D28300BF775F /* ViewController.swift */ = {isa = PBXFileReference; lastKnownFileType = sourcecode.swift; path = ViewController.swift; sourceTree = "<group>"; };
		6BE8A04B2483D28300BF775F /* Base */ = {isa = PBXFileReference; lastKnownFileType = file.storyboard; name = Base; path = Base.lproj/Main.storyboard; sourceTree = "<group>"; };
		6BE8A04D2483D28400BF775F /* Assets.xcassets */ = {isa = PBXFileReference; lastKnownFileType = folder.assetcatalog; path = Assets.xcassets; sourceTree = "<group>"; };
		6BE8A0522483D28400BF775F /* Info.plist */ = {isa = PBXFileReference; lastKnownFileType = text.plist.xml; path = Info.plist; sourceTree = "<group>"; };
		6BE8A0582483D4C200BF775F /* MyCollectionViewCell.swift */ = {isa = PBXFileReference; lastKnownFileType = sourcecode.swift; path = MyCollectionViewCell.swift; sourceTree = "<group>"; };
		6BE8A0592483D4C200BF775F /* MyCollectionViewCell.xib */ = {isa = PBXFileReference; lastKnownFileType = file.xib; path = MyCollectionViewCell.xib; sourceTree = "<group>"; };
		6BE8A05C2483F0EF00BF775F /* Constants.swift */ = {isa = PBXFileReference; lastKnownFileType = sourcecode.swift; path = Constants.swift; sourceTree = "<group>"; };
		6BE8A05E2484050E00BF775F /* LaunchScreen.storyboard */ = {isa = PBXFileReference; fileEncoding = 4; lastKnownFileType = file.storyboard; path = LaunchScreen.storyboard; sourceTree = "<group>"; };
		6BE8A0642484088D00BF775F /* CountryManager.swift */ = {isa = PBXFileReference; fileEncoding = 4; lastKnownFileType = sourcecode.swift; path = CountryManager.swift; sourceTree = "<group>"; };
		6BE8A0662484089500BF775F /* CountryData.swift */ = {isa = PBXFileReference; fileEncoding = 4; lastKnownFileType = sourcecode.swift; path = CountryData.swift; sourceTree = "<group>"; };
/* End PBXFileReference section */

/* Begin PBXFrameworksBuildPhase section */
		6BE8A03E2483D28300BF775F /* Frameworks */ = {
			isa = PBXFrameworksBuildPhase;
			buildActionMask = 2147483647;
			files = (
			);
			runOnlyForDeploymentPostprocessing = 0;
		};
/* End PBXFrameworksBuildPhase section */

/* Begin PBXGroup section */
		6BE8A0382483D28300BF775F = {
			isa = PBXGroup;
			children = (
				6BE8A0432483D28300BF775F /* Countries2 */,
				6BE8A0422483D28300BF775F /* Products */,
			);
			sourceTree = "<group>";
		};
		6BE8A0422483D28300BF775F /* Products */ = {
			isa = PBXGroup;
			children = (
				6BE8A0412483D28300BF775F /* Countries2.app */,
			);
			name = Products;
			sourceTree = "<group>";
		};
		6BE8A0432483D28300BF775F /* Countries2 */ = {
			isa = PBXGroup;
			children = (
				6BE8A0442483D28300BF775F /* AppDelegate.swift */,
				6BE8A0462483D28300BF775F /* SceneDelegate.swift */,
				6BE8A063248405D000BF775F /* Model */,
				6BE8A061248405BC00BF775F /* View */,
				6BE8A062248405C800BF775F /* Controller */,
				6BE8A0602484058500BF775F /* Supporting Files */,
				6BE8A0522483D28400BF775F /* Info.plist */,
			);
			path = Countries2;
			sourceTree = "<group>";
		};
		6BE8A0602484058500BF775F /* Supporting Files */ = {
			isa = PBXGroup;
			children = (
				6BE8A04D2483D28400BF775F /* Assets.xcassets */,
				6BE8A05C2483F0EF00BF775F /* Constants.swift */,
				6BE8A05E2484050E00BF775F /* LaunchScreen.storyboard */,
			);
			path = "Supporting Files";
			sourceTree = "<group>";
		};
		6BE8A061248405BC00BF775F /* View */ = {
			isa = PBXGroup;
			children = (
				6BE8A04A2483D28300BF775F /* Main.storyboard */,
				6BE8A0592483D4C200BF775F /* MyCollectionViewCell.xib */,
			);
			path = View;
			sourceTree = "<group>";
		};
		6BE8A062248405C800BF775F /* Controller */ = {
			isa = PBXGroup;
			children = (
				6BE8A0482483D28300BF775F /* ViewController.swift */,
				6BE8A0582483D4C200BF775F /* MyCollectionViewCell.swift */,
			);
			path = Controller;
			sourceTree = "<group>";
		};
		6BE8A063248405D000BF775F /* Model */ = {
			isa = PBXGroup;
			children = (
				6BE8A0642484088D00BF775F /* CountryManager.swift */,
				6BE8A0662484089500BF775F /* CountryData.swift */,
			);
			path = Model;
			sourceTree = "<group>";
		};
/* End PBXGroup section */

/* Begin PBXNativeTarget section */
		6BE8A0402483D28300BF775F /* Countries2 */ = {
			isa = PBXNativeTarget;
			buildConfigurationList = 6BE8A0552483D28400BF775F /* Build configuration list for PBXNativeTarget "Countries2" */;
			buildPhases = (
				6BE8A03D2483D28300BF775F /* Sources */,
				6BE8A03E2483D28300BF775F /* Frameworks */,
				6BE8A03F2483D28300BF775F /* Resources */,
			);
			buildRules = (
			);
			dependencies = (
			);
			name = Countries2;
			productName = Countries2;
			productReference = 6BE8A0412483D28300BF775F /* Countries2.app */;
			productType = "com.apple.product-type.application";
		};
/* End PBXNativeTarget section */

/* Begin PBXProject section */
		6BE8A0392483D28300BF775F /* Project object */ = {
			isa = PBXProject;
			attributes = {
				LastSwiftUpdateCheck = 1150;
				LastUpgradeCheck = 1150;
				ORGANIZATIONNAME = Rossita;
				TargetAttributes = {
					6BE8A0402483D28300BF775F = {
						CreatedOnToolsVersion = 11.5;
					};
				};
			};
			buildConfigurationList = 6BE8A03C2483D28300BF775F /* Build configuration list for PBXProject "Countries2" */;
			compatibilityVersion = "Xcode 9.3";
			developmentRegion = en;
			hasScannedForEncodings = 0;
			knownRegions = (
				en,
				Base,
			);
			mainGroup = 6BE8A0382483D28300BF775F;
			productRefGroup = 6BE8A0422483D28300BF775F /* Products */;
			projectDirPath = "";
			projectRoot = "";
			targets = (
				6BE8A0402483D28300BF775F /* Countries2 */,
			);
		};
/* End PBXProject section */

/* Begin PBXResourcesBuildPhase section */
		6BE8A03F2483D28300BF775F /* Resources */ = {
			isa = PBXResourcesBuildPhase;
			buildActionMask = 2147483647;
			files = (
				6BE8A04E2483D28400BF775F /* Assets.xcassets in Resources */,
				6BE8A05B2483D4C200BF775F /* MyCollectionViewCell.xib in Resources */,
				6BE8A05F2484050E00BF775F /* LaunchScreen.storyboard in Resources */,
				6BE8A04C2483D28300BF775F /* Main.storyboard in Resources */,
			);
			runOnlyForDeploymentPostprocessing = 0;
		};
/* End PBXResourcesBuildPhase section */

/* Begin PBXSourcesBuildPhase section */
		6BE8A03D2483D28300BF775F /* Sources */ = {
			isa = PBXSourcesBuildPhase;
			buildActionMask = 2147483647;
			files = (
				6BE8A05D2483F0EF00BF775F /* Constants.swift in Sources */,
				6BE8A0492483D28300BF775F /* ViewController.swift in Sources */,
				6BE8A0672484089500BF775F /* CountryData.swift in Sources */,
				6BE8A0652484088D00BF775F /* CountryManager.swift in Sources */,
				6BE8A0452483D28300BF775F /* AppDelegate.swift in Sources */,
				6BE8A05A2483D4C200BF775F /* MyCollectionViewCell.swift in Sources */,
				6BE8A0472483D28300BF775F /* SceneDelegate.swift in Sources */,
			);
			runOnlyForDeploymentPostprocessing = 0;
		};
/* End PBXSourcesBuildPhase section */

/* Begin PBXVariantGroup section */
		6BE8A04A2483D28300BF775F /* Main.storyboard */ = {
			isa = PBXVariantGroup;
			children = (
				6BE8A04B2483D28300BF775F /* Base */,
			);
			name = Main.storyboard;
			sourceTree = "<group>";
		};
/* End PBXVariantGroup section */

/* Begin XCBuildConfiguration section */
		6BE8A0532483D28400BF775F /* Debug */ = {
			isa = XCBuildConfiguration;
			buildSettings = {
				ALWAYS_SEARCH_USER_PATHS = NO;
				CLANG_ANALYZER_NONNULL = YES;
				CLANG_ANALYZER_NUMBER_OBJECT_CONVERSION = YES_AGGRESSIVE;
				CLANG_CXX_LANGUAGE_STANDARD = "gnu++14";
				CLANG_CXX_LIBRARY = "libc++";
				CLANG_ENABLE_MODULES = YES;
				CLANG_ENABLE_OBJC_ARC = YES;
				CLANG_ENABLE_OBJC_WEAK = YES;
				CLANG_WARN_BLOCK_CAPTURE_AUTORELEASING = YES;
				CLANG_WARN_BOOL_CONVERSION = YES;
				CLANG_WARN_COMMA = YES;
				CLANG_WARN_CONSTANT_CONVERSION = YES;
				CLANG_WARN_DEPRECATED_OBJC_IMPLEMENTATIONS = YES;
				CLANG_WARN_DIRECT_OBJC_ISA_USAGE = YES_ERROR;
				CLANG_WARN_DOCUMENTATION_COMMENTS = YES;
				CLANG_WARN_EMPTY_BODY = YES;
				CLANG_WARN_ENUM_CONVERSION = YES;
				CLANG_WARN_INFINITE_RECURSION = YES;
				CLANG_WARN_INT_CONVERSION = YES;
				CLANG_WARN_NON_LITERAL_NULL_CONVERSION = YES;
				CLANG_WARN_OBJC_IMPLICIT_RETAIN_SELF = YES;
				CLANG_WARN_OBJC_LITERAL_CONVERSION = YES;
				CLANG_WARN_OBJC_ROOT_CLASS = YES_ERROR;
				CLANG_WARN_RANGE_LOOP_ANALYSIS = YES;
				CLANG_WARN_STRICT_PROTOTYPES = YES;
				CLANG_WARN_SUSPICIOUS_MOVE = YES;
				CLANG_WARN_UNGUARDED_AVAILABILITY = YES_AGGRESSIVE;
				CLANG_WARN_UNREACHABLE_CODE = YES;
				CLANG_WARN__DUPLICATE_METHOD_MATCH = YES;
				COPY_PHASE_STRIP = NO;
				DEBUG_INFORMATION_FORMAT = dwarf;
				ENABLE_STRICT_OBJC_MSGSEND = YES;
				ENABLE_TESTABILITY = YES;
				GCC_C_LANGUAGE_STANDARD = gnu11;
				GCC_DYNAMIC_NO_PIC = NO;
				GCC_NO_COMMON_BLOCKS = YES;
				GCC_OPTIMIZATION_LEVEL = 0;
				GCC_PREPROCESSOR_DEFINITIONS = (
					"DEBUG=1",
					"$(inherited)",
				);
				GCC_WARN_64_TO_32_BIT_CONVERSION = YES;
				GCC_WARN_ABOUT_RETURN_TYPE = YES_ERROR;
				GCC_WARN_UNDECLARED_SELECTOR = YES;
				GCC_WARN_UNINITIALIZED_AUTOS = YES_AGGRESSIVE;
				GCC_WARN_UNUSED_FUNCTION = YES;
				GCC_WARN_UNUSED_VARIABLE = YES;
				IPHONEOS_DEPLOYMENT_TARGET = 13.5;
				MTL_ENABLE_DEBUG_INFO = INCLUDE_SOURCE;
				MTL_FAST_MATH = YES;
				ONLY_ACTIVE_ARCH = YES;
				SDKROOT = iphoneos;
				SWIFT_ACTIVE_COMPILATION_CONDITIONS = DEBUG;
				SWIFT_OPTIMIZATION_LEVEL = "-Onone";
			};
			name = Debug;
		};
		6BE8A0542483D28400BF775F /* Release */ = {
			isa = XCBuildConfiguration;
			buildSettings = {
				ALWAYS_SEARCH_USER_PATHS = NO;
				CLANG_ANALYZER_NONNULL = YES;
				CLANG_ANALYZER_NUMBER_OBJECT_CONVERSION = YES_AGGRESSIVE;
				CLANG_CXX_LANGUAGE_STANDARD = "gnu++14";
				CLANG_CXX_LIBRARY = "libc++";
				CLANG_ENABLE_MODULES = YES;
				CLANG_ENABLE_OBJC_ARC = YES;
				CLANG_ENABLE_OBJC_WEAK = YES;
				CLANG_WARN_BLOCK_CAPTURE_AUTORELEASING = YES;
				CLANG_WARN_BOOL_CONVERSION = YES;
				CLANG_WARN_COMMA = YES;
				CLANG_WARN_CONSTANT_CONVERSION = YES;
				CLANG_WARN_DEPRECATED_OBJC_IMPLEMENTATIONS = YES;
				CLANG_WARN_DIRECT_OBJC_ISA_USAGE = YES_ERROR;
				CLANG_WARN_DOCUMENTATION_COMMENTS = YES;
				CLANG_WARN_EMPTY_BODY = YES;
				CLANG_WARN_ENUM_CONVERSION = YES;
				CLANG_WARN_INFINITE_RECURSION = YES;
				CLANG_WARN_INT_CONVERSION = YES;
				CLANG_WARN_NON_LITERAL_NULL_CONVERSION = YES;
				CLANG_WARN_OBJC_IMPLICIT_RETAIN_SELF = YES;
				CLANG_WARN_OBJC_LITERAL_CONVERSION = YES;
				CLANG_WARN_OBJC_ROOT_CLASS = YES_ERROR;
				CLANG_WARN_RANGE_LOOP_ANALYSIS = YES;
				CLANG_WARN_STRICT_PROTOTYPES = YES;
				CLANG_WARN_SUSPICIOUS_MOVE = YES;
				CLANG_WARN_UNGUARDED_AVAILABILITY = YES_AGGRESSIVE;
				CLANG_WARN_UNREACHABLE_CODE = YES;
				CLANG_WARN__DUPLICATE_METHOD_MATCH = YES;
				COPY_PHASE_STRIP = NO;
				DEBUG_INFORMATION_FORMAT = "dwarf-with-dsym";
				ENABLE_NS_ASSERTIONS = NO;
				ENABLE_STRICT_OBJC_MSGSEND = YES;
				GCC_C_LANGUAGE_STANDARD = gnu11;
				GCC_NO_COMMON_BLOCKS = YES;
				GCC_WARN_64_TO_32_BIT_CONVERSION = YES;
				GCC_WARN_ABOUT_RETURN_TYPE = YES_ERROR;
				GCC_WARN_UNDECLARED_SELECTOR = YES;
				GCC_WARN_UNINITIALIZED_AUTOS = YES_AGGRESSIVE;
				GCC_WARN_UNUSED_FUNCTION = YES;
				GCC_WARN_UNUSED_VARIABLE = YES;
				IPHONEOS_DEPLOYMENT_TARGET = 13.5;
				MTL_ENABLE_DEBUG_INFO = NO;
				MTL_FAST_MATH = YES;
				SDKROOT = iphoneos;
				SWIFT_COMPILATION_MODE = wholemodule;
				SWIFT_OPTIMIZATION_LEVEL = "-O";
				VALIDATE_PRODUCT = YES;
			};
			name = Release;
		};
		6BE8A0562483D28400BF775F /* Debug */ = {
			isa = XCBuildConfiguration;
			buildSettings = {
				ASSETCATALOG_COMPILER_APPICON_NAME = AppIcon;
				CODE_SIGN_STYLE = Automatic;
				DEVELOPMENT_TEAM = QV9W2HJ9FU;
				INFOPLIST_FILE = Countries2/Info.plist;
				LD_RUNPATH_SEARCH_PATHS = (
					"$(inherited)",
					"@executable_path/Frameworks",
				);
				PRODUCT_BUNDLE_IDENTIFIER = Rossita.Countries2;
				PRODUCT_NAME = "$(TARGET_NAME)";
				SWIFT_VERSION = 5.0;
				TARGETED_DEVICE_FAMILY = "1,2";
			};
			name = Debug;
		};
		6BE8A0572483D28400BF775F /* Release */ = {
			isa = XCBuildConfiguration;
			buildSettings = {
				ASSETCATALOG_COMPILER_APPICON_NAME = AppIcon;
				CODE_SIGN_STYLE = Automatic;
				DEVELOPMENT_TEAM = QV9W2HJ9FU;
				INFOPLIST_FILE = Countries2/Info.plist;
				LD_RUNPATH_SEARCH_PATHS = (
					"$(inherited)",
					"@executable_path/Frameworks",
				);
				PRODUCT_BUNDLE_IDENTIFIER = Rossita.Countries2;
				PRODUCT_NAME = "$(TARGET_NAME)";
				SWIFT_VERSION = 5.0;
				TARGETED_DEVICE_FAMILY = "1,2";
			};
			name = Release;
		};
/* End XCBuildConfiguration section */

/* Begin XCConfigurationList section */
		6BE8A03C2483D28300BF775F /* Build configuration list for PBXProject "Countries2" */ = {
			isa = XCConfigurationList;
			buildConfigurations = (
				6BE8A0532483D28400BF775F /* Debug */,
				6BE8A0542483D28400BF775F /* Release */,
			);
			defaultConfigurationIsVisible = 0;
			defaultConfigurationName = Release;
		};
		6BE8A0552483D28400BF775F /* Build configuration list for PBXNativeTarget "Countries2" */ = {
			isa = XCConfigurationList;
			buildConfigurations = (
				6BE8A0562483D28400BF775F /* Debug */,
				6BE8A0572483D28400BF775F /* Release */,
			);
			defaultConfigurationIsVisible = 0;
			defaultConfigurationName = Release;
		};
/* End XCConfigurationList section */
	};
	rootObject = 6BE8A0392483D28300BF775F /* Project object */;
}
